
Microsoft Visual Studio Solution File, Format Version 12.00
# Visual Studio Version 17
VisualStudioVersion = 17.13.35913.81
MinimumVisualStudioVersion = 10.0.40219.1
Project("{FAE04EC0-301F-11D3-BF4B-00C04F79EFBC}") = "Wafra.api", "Wafra.api\Wafra.api.csproj", "{A3548E2C-1EC3-4B95-B9F7-FDD1FCDD8CBD}"
EndProject
Project("{FAE04EC0-301F-11D3-BF4B-00C04F79EFBC}") = "Wafra.Application", "Wafra.Application\Wafra.Application.csproj", "{7F265AD0-1C1D-4F87-9D21-6D8F1007A826}"
EndProject
Project("{FAE04EC0-301F-11D3-BF4B-00C04F79EFBC}") = "Wafra.Core", "Wafra.Core\Wafra.Core.csproj", "{762B88B8-3260-41C9-852D-605B45EB11C8}"
EndProject
Project("{FAE04EC0-301F-11D3-BF4B-00C04F79EFBC}") = "Wafra.Infrastructure", "Wafra.Infrastructure\Wafra.Infrastructure.csproj", "{5B88F276-3831-4847-9320-BAF0674B195E}"
EndProject
Global
	GlobalSection(SolutionConfigurationPlatforms) = preSolution
		Debug|Any CPU = Debug|Any CPU
		Release|Any CPU = Release|Any CPU
	EndGlobalSection
	GlobalSection(ProjectConfigurationPlatforms) = postSolution
		{A3548E2C-1EC3-4B95-B9F7-FDD1FCDD8CBD}.Debug|Any CPU.ActiveCfg = Debug|Any CPU
		{A3548E2C-1EC3-4B95-B9F7-FDD1FCDD8CBD}.Debug|Any CPU.Build.0 = Debug|Any CPU
		{A3548E2C-1EC3-4B95-B9F7-FDD1FCDD8CBD}.Release|Any CPU.ActiveCfg = Release|Any CPU
		{A3548E2C-1EC3-4B95-B9F7-FDD1FCDD8CBD}.Release|Any CPU.Build.0 = Release|Any CPU
		{7F265AD0-1C1D-4F87-9D21-6D8F1007A826}.Debug|Any CPU.ActiveCfg = Debug|Any CPU
		{7F265AD0-1C1D-4F87-9D21-6D8F1007A826}.Debug|Any CPU.Build.0 = Debug|Any CPU
		{7F265AD0-1C1D-4F87-9D21-6D8F1007A826}.Release|Any CPU.ActiveCfg = Release|Any CPU
		{7F265AD0-1C1D-4F87-9D21-6D8F1007A826}.Release|Any CPU.Build.0 = Release|Any CPU
		{762B88B8-3260-41C9-852D-605B45EB11C8}.Debug|Any CPU.ActiveCfg = Debug|Any CPU
		{762B88B8-3260-41C9-852D-605B45EB11C8}.Debug|Any CPU.Build.0 = Debug|Any CPU
		{762B88B8-3260-41C9-852D-605B45EB11C8}.Release|Any CPU.ActiveCfg = Release|Any CPU
		{762B88B8-3260-41C9-852D-605B45EB11C8}.Release|Any CPU.Build.0 = Release|Any CPU
		{5B88F276-3831-4847-9320-BAF0674B195E}.Debug|Any CPU.ActiveCfg = Debug|Any CPU
		{5B88F276-3831-4847-9320-BAF0674B195E}.Debug|Any CPU.Build.0 = Debug|Any CPU
		{5B88F276-3831-4847-9320-BAF0674B195E}.Release|Any CPU.ActiveCfg = Release|Any CPU
		{5B88F276-3831-4847-9320-BAF0674B195E}.Release|Any CPU.Build.0 = Release|Any CPU
	EndGlobalSection
	GlobalSection(SolutionProperties) = preSolution
		HideSolutionNode = FALSE
	EndGlobalSection
	GlobalSection(ExtensibilityGlobals) = postSolution
		SolutionGuid = {5B1BE63D-F437-4583-AB8B-E244EF2704E3}
	EndGlobalSection
EndGlobal
